
Microsoft Visual Studio Solution File, Format Version 12.00
# Visual Studio Version 17
VisualStudioVersion = 17.3.32819.101
MinimumVisualStudioVersion = 10.0.40219.1
Project("{FAE04EC0-301F-11D3-BF4B-00C04F79EFBC}") = "ejercicio 1", "ejercicio 1\ejercicio 1.csproj", "{7C90F22D-B102-4FA3-A92E-4C868392B8C9}"
EndProject
Global
	GlobalSection(SolutionConfigurationPlatforms) = preSolution
		Debug|Any CPU = Debug|Any CPU
		Release|Any CPU = Release|Any CPU
	EndGlobalSection
	GlobalSection(ProjectConfigurationPlatforms) = postSolution
		{7C90F22D-B102-4FA3-A92E-4C868392B8C9}.Debug|Any CPU.ActiveCfg = Debug|Any CPU
		{7C90F22D-B102-4FA3-A92E-4C868392B8C9}.Debug|Any CPU.Build.0 = Debug|Any CPU
		{7C90F22D-B102-4FA3-A92E-4C868392B8C9}.Release|Any CPU.ActiveCfg = Release|Any CPU
		{7C90F22D-B102-4FA3-A92E-4C868392B8C9}.Release|Any CPU.Build.0 = Release|Any CPU
	EndGlobalSection
	GlobalSection(SolutionProperties) = preSolution
		HideSolutionNode = FALSE
	EndGlobalSection
	GlobalSection(ExtensibilityGlobals) = postSolution
		SolutionGuid = {5A28AE52-F2CA-43EE-A803-65A59CC7D0CF}
	EndGlobalSection
EndGlobal
